{
  "name": "ma-vue-page",
  "version": "1.0.1",
  "lockfileVersion": 1,
  "requires": true,
  "dependencies": {
    "ma-fs": {
      "version": "1.0.1",
      "resolved": "https://registry.npmjs.org/ma-fs/-/ma-fs-1.0.1.tgz",
      "integrity": "sha512-8wjCbnPCnd3TsZ9By6wYJ6HtKmivINOEhisw2K74yaolEAMrz6gpArIqnRTEiviDDgh7NnOAd0aFGHCC7cXmCA=="
    }
  }
}
